
Microsoft Visual Studio Solution File, Format Version 12.00
# Visual Studio Version 17
VisualStudioVersion = 17.9.34728.123
MinimumVisualStudioVersion = 10.0.40219.1
Project("{FAE04EC0-301F-11D3-BF4B-00C04F79EFBC}") = "Grocery Tracking", "Grocery Tracking\Grocery Tracking.csproj", "{D0A8F4EF-7DD6-4553-A724-8AF754727B93}"
EndProject
Global
	GlobalSection(SolutionConfigurationPlatforms) = preSolution
		Debug|Any CPU = Debug|Any CPU
		Release|Any CPU = Release|Any CPU
	EndGlobalSection
	GlobalSection(ProjectConfigurationPlatforms) = postSolution
		{D0A8F4EF-7DD6-4553-A724-8AF754727B93}.Debug|Any CPU.ActiveCfg = Debug|Any CPU
		{D0A8F4EF-7DD6-4553-A724-8AF754727B93}.Debug|Any CPU.Build.0 = Debug|Any CPU
		{D0A8F4EF-7DD6-4553-A724-8AF754727B93}.Release|Any CPU.ActiveCfg = Release|Any CPU
		{D0A8F4EF-7DD6-4553-A724-8AF754727B93}.Release|Any CPU.Build.0 = Release|Any CPU
	EndGlobalSection
	GlobalSection(SolutionProperties) = preSolution
		HideSolutionNode = FALSE
	EndGlobalSection
	GlobalSection(ExtensibilityGlobals) = postSolution
		SolutionGuid = {B9DF6BB1-FC38-42F1-B611-181CAA4AD9A2}
	EndGlobalSection
EndGlobal
